<Solution>
  <Project Path="FileFlow.App/FileFlow.App.csproj" />
  <Project Path="FileFlow.Core/FileFlow.Core.csproj" />
  <Project Path="FileFlow.Plugin.Archives/FileFlow.Plugin.Archives.csproj" />
  <Project Path="FileFlow.Plugin.FileSystem/FileFlow.Plugin.FileSystem.csproj" />
  <Project Path="FileFlow.Plugin.Images/FileFlow.Plugin.Images.csproj" />
  <Project Path="FileFlow.Sdk/FileFlow.Sdk.csproj" />
  <Project Path="FileFlow.Tests/FileFlow.Tests.csproj" />
</Solution>
